
Microsoft Visual Studio Solution File, Format Version 12.00
# Visual Studio Version 16
VisualStudioVersion = 16.0.31229.75
MinimumVisualStudioVersion = 10.0.40219.1
Project("{2150E333-8FDC-42A3-9474-1A3956D46DE8}") = "01 - Testes de Unidade", "01 - Testes de Unidade", "{C6F9360C-7B8C-4B00-B2B6-804B0809638B}"
EndProject
Project("{2150E333-8FDC-42A3-9474-1A3956D46DE8}") = "01 - Testes Basico", "01 - Testes Basico", "{30245C8A-21DB-4B79-ADE3-383C37B2771F}"
EndProject
Project("{9A19103F-16F7-4668-BE54-9A1E7A4F7556}") = "Basico", "TestesUnitarios\Basico\Basico.csproj", "{CEF88EC9-F134-475C-AB8D-01F950D0D302}"
EndProject
Project("{9A19103F-16F7-4668-BE54-9A1E7A4F7556}") = "Basico.Tests", "TestesUnitarios\Basico.Tests\Basico.Tests.csproj", "{1024725A-1589-4F91-B192-7D4C0363108F}"
EndProject
Project("{2150E333-8FDC-42A3-9474-1A3956D46DE8}") = "02 - Features", "02 - Features", "{DB0AB76E-8FF1-4FC0-BBAA-B817C08199C9}"
EndProject
Project("{9A19103F-16F7-4668-BE54-9A1E7A4F7556}") = "Features", "TestesUnitarios\Features\Features.csproj", "{DCC69739-3FA2-4127-B908-BD840A91046A}"
EndProject
Project("{9A19103F-16F7-4668-BE54-9A1E7A4F7556}") = "Features.Tests", "TestesUnitarios\Features.Tests\Features.Tests.csproj", "{AC0EFCE6-F5DB-49E0-AF54-4727BDE96D23}"
EndProject
Project("{2150E333-8FDC-42A3-9474-1A3956D46DE8}") = "02 - TDD", "02 - TDD", "{9FEB9379-F20B-4F34-A50D-734AAB794998}"
EndProject
Project("{2150E333-8FDC-42A3-9474-1A3956D46DE8}") = "Tests", "Tests", "{AE1E0BAF-B2B0-42D2-9C9A-1A36AE774583}"
EndProject
Project("{FAE04EC0-301F-11D3-BF4B-00C04F79EFBC}") = "NStore.Vendas.Application.Tests", "TDD\tests\NStore.Vendas.Application.Tests\NStore.Vendas.Application.Tests.csproj", "{4B48D8D8-0741-403B-BF28-738AC482A04B}"
EndProject
Project("{FAE04EC0-301F-11D3-BF4B-00C04F79EFBC}") = "NStore.Vendas.Domain.Tests", "TDD\tests\NStore.Vendas.Domain.Tests\NStore.Vendas.Domain.Tests.csproj", "{4C2BACA2-FFEF-41A9-98CE-C272C19D0D96}"
EndProject
Project("{FAE04EC0-301F-11D3-BF4B-00C04F79EFBC}") = "NStore.Vendas.Domain", "TDD\src\NStore.Vendas.Domain\NStore.Vendas.Domain.csproj", "{9E07AC7E-DBA9-4659-861A-09841E0FBDE9}"
EndProject
Global
	GlobalSection(SolutionConfigurationPlatforms) = preSolution
		Debug|Any CPU = Debug|Any CPU
		Release|Any CPU = Release|Any CPU
	EndGlobalSection
	GlobalSection(ProjectConfigurationPlatforms) = postSolution
		{CEF88EC9-F134-475C-AB8D-01F950D0D302}.Debug|Any CPU.ActiveCfg = Debug|Any CPU
		{CEF88EC9-F134-475C-AB8D-01F950D0D302}.Debug|Any CPU.Build.0 = Debug|Any CPU
		{CEF88EC9-F134-475C-AB8D-01F950D0D302}.Release|Any CPU.ActiveCfg = Release|Any CPU
		{CEF88EC9-F134-475C-AB8D-01F950D0D302}.Release|Any CPU.Build.0 = Release|Any CPU
		{1024725A-1589-4F91-B192-7D4C0363108F}.Debug|Any CPU.ActiveCfg = Debug|Any CPU
		{1024725A-1589-4F91-B192-7D4C0363108F}.Debug|Any CPU.Build.0 = Debug|Any CPU
		{1024725A-1589-4F91-B192-7D4C0363108F}.Release|Any CPU.ActiveCfg = Release|Any CPU
		{1024725A-1589-4F91-B192-7D4C0363108F}.Release|Any CPU.Build.0 = Release|Any CPU
		{DCC69739-3FA2-4127-B908-BD840A91046A}.Debug|Any CPU.ActiveCfg = Debug|Any CPU
		{DCC69739-3FA2-4127-B908-BD840A91046A}.Debug|Any CPU.Build.0 = Debug|Any CPU
		{DCC69739-3FA2-4127-B908-BD840A91046A}.Release|Any CPU.ActiveCfg = Release|Any CPU
		{DCC69739-3FA2-4127-B908-BD840A91046A}.Release|Any CPU.Build.0 = Release|Any CPU
		{AC0EFCE6-F5DB-49E0-AF54-4727BDE96D23}.Debug|Any CPU.ActiveCfg = Debug|Any CPU
		{AC0EFCE6-F5DB-49E0-AF54-4727BDE96D23}.Debug|Any CPU.Build.0 = Debug|Any CPU
		{AC0EFCE6-F5DB-49E0-AF54-4727BDE96D23}.Release|Any CPU.ActiveCfg = Release|Any CPU
		{AC0EFCE6-F5DB-49E0-AF54-4727BDE96D23}.Release|Any CPU.Build.0 = Release|Any CPU
		{4B48D8D8-0741-403B-BF28-738AC482A04B}.Debug|Any CPU.ActiveCfg = Debug|Any CPU
		{4B48D8D8-0741-403B-BF28-738AC482A04B}.Debug|Any CPU.Build.0 = Debug|Any CPU
		{4B48D8D8-0741-403B-BF28-738AC482A04B}.Release|Any CPU.ActiveCfg = Release|Any CPU
		{4B48D8D8-0741-403B-BF28-738AC482A04B}.Release|Any CPU.Build.0 = Release|Any CPU
		{4C2BACA2-FFEF-41A9-98CE-C272C19D0D96}.Debug|Any CPU.ActiveCfg = Debug|Any CPU
		{4C2BACA2-FFEF-41A9-98CE-C272C19D0D96}.Debug|Any CPU.Build.0 = Debug|Any CPU
		{4C2BACA2-FFEF-41A9-98CE-C272C19D0D96}.Release|Any CPU.ActiveCfg = Release|Any CPU
		{4C2BACA2-FFEF-41A9-98CE-C272C19D0D96}.Release|Any CPU.Build.0 = Release|Any CPU
		{9E07AC7E-DBA9-4659-861A-09841E0FBDE9}.Debug|Any CPU.ActiveCfg = Debug|Any CPU
		{9E07AC7E-DBA9-4659-861A-09841E0FBDE9}.Debug|Any CPU.Build.0 = Debug|Any CPU
		{9E07AC7E-DBA9-4659-861A-09841E0FBDE9}.Release|Any CPU.ActiveCfg = Release|Any CPU
		{9E07AC7E-DBA9-4659-861A-09841E0FBDE9}.Release|Any CPU.Build.0 = Release|Any CPU
	EndGlobalSection
	GlobalSection(SolutionProperties) = preSolution
		HideSolutionNode = FALSE
	EndGlobalSection
	GlobalSection(NestedProjects) = preSolution
		{30245C8A-21DB-4B79-ADE3-383C37B2771F} = {C6F9360C-7B8C-4B00-B2B6-804B0809638B}
		{CEF88EC9-F134-475C-AB8D-01F950D0D302} = {30245C8A-21DB-4B79-ADE3-383C37B2771F}
		{1024725A-1589-4F91-B192-7D4C0363108F} = {30245C8A-21DB-4B79-ADE3-383C37B2771F}
		{DB0AB76E-8FF1-4FC0-BBAA-B817C08199C9} = {C6F9360C-7B8C-4B00-B2B6-804B0809638B}
		{DCC69739-3FA2-4127-B908-BD840A91046A} = {DB0AB76E-8FF1-4FC0-BBAA-B817C08199C9}
		{AC0EFCE6-F5DB-49E0-AF54-4727BDE96D23} = {DB0AB76E-8FF1-4FC0-BBAA-B817C08199C9}
		{AE1E0BAF-B2B0-42D2-9C9A-1A36AE774583} = {9FEB9379-F20B-4F34-A50D-734AAB794998}
		{4B48D8D8-0741-403B-BF28-738AC482A04B} = {AE1E0BAF-B2B0-42D2-9C9A-1A36AE774583}
		{4C2BACA2-FFEF-41A9-98CE-C272C19D0D96} = {AE1E0BAF-B2B0-42D2-9C9A-1A36AE774583}
		{9E07AC7E-DBA9-4659-861A-09841E0FBDE9} = {9FEB9379-F20B-4F34-A50D-734AAB794998}
	EndGlobalSection
	GlobalSection(ExtensibilityGlobals) = postSolution
		SolutionGuid = {D7040ABE-83E9-4384-BBF2-7F6F9388192E}
	EndGlobalSection
EndGlobal
